{
  "name": "ajs-lib-exe",
  "version": "1.0.0",
  "lockfileVersion": 3,
  "requires": true,
  "packages": {
    "": {
      "name": "ajs-lib-exe",
      "version": "1.0.0",
      "license": "ISC",
      "dependencies": {
        "@johnnystorm19/ajs": "^1.0.0"
      }
    },
    "node_modules/@johnnystorm19/ajs": {
      "version": "1.0.0",
      "resolved": "https://npm.pkg.github.com/download/@johnnystorm19/ajs/1.0.0/6f759faad60749ad851c5814d006ee323501f6e4",
      "integrity": "sha512-F5+dYLO/35PLkGSGZMrpXHtIJ8O+PgVAc8enUjuQWqBXyvErKsUZan25K85/Kg6LVQAn+cn3RJWaXoLjj9x4Zw==",
      "license": "ISC"
    }
  }
}
